// !$*UTF8*$!
{
	archiveVersion = 1;
	classes = {
	};
	objectVersion = 48;
	objects = {

/* Begin PBXBuildFile section */
		A49E8B1A206C7EB500DFDB80 /* ZLCommendViewController.swift in Sources */ = {isa = PBXBuildFile; fileRef = A49E8B19206C7EB500DFDB80 /* ZLCommendViewController.swift */; };
		A49E8B1D206C899A00DFDB80 /* ZLCollectionHeaderView.swift in Sources */ = {isa = PBXBuildFile; fileRef = A49E8B1B206C899A00DFDB80 /* ZLCollectionHeaderView.swift */; };
		A49E8B1E206C899A00DFDB80 /* ZLCollectionHeaderView.xib in Resources */ = {isa = PBXBuildFile; fileRef = A49E8B1C206C899A00DFDB80 /* ZLCollectionHeaderView.xib */; };
		A49E8B21206C8DC700DFDB80 /* ZLCollectionNormalCell.swift in Sources */ = {isa = PBXBuildFile; fileRef = A49E8B1F206C8DC700DFDB80 /* ZLCollectionNormalCell.swift */; };
		A49E8B22206C8DC700DFDB80 /* ZLCollectionNormalCell.xib in Resources */ = {isa = PBXBuildFile; fileRef = A49E8B20206C8DC700DFDB80 /* ZLCollectionNormalCell.xib */; };
		A4B45622206A11E500324451 /* AppDelegate.swift in Sources */ = {isa = PBXBuildFile; fileRef = A4B45621206A11E500324451 /* AppDelegate.swift */; };
		A4B45629206A11E500324451 /* Assets.xcassets in Resources */ = {isa = PBXBuildFile; fileRef = A4B45628206A11E500324451 /* Assets.xcassets */; };
		A4B4562C206A11E500324451 /* LaunchScreen.storyboard in Resources */ = {isa = PBXBuildFile; fileRef = A4B4562A206A11E500324451 /* LaunchScreen.storyboard */; };
		A4B4564A206A31CB00324451 /* Main.storyboard in Resources */ = {isa = PBXBuildFile; fileRef = A4B45649206A31CB00324451 /* Main.storyboard */; };
		A4B45659206A345200324451 /* Home.storyboard in Resources */ = {isa = PBXBuildFile; fileRef = A4B45657206A345200324451 /* Home.storyboard */; };
		A4B4565C206A347400324451 /* Live.storyboard in Resources */ = {isa = PBXBuildFile; fileRef = A4B4565A206A347400324451 /* Live.storyboard */; };
		A4B4565F206A349A00324451 /* Concern.storyboard in Resources */ = {isa = PBXBuildFile; fileRef = A4B4565D206A349A00324451 /* Concern.storyboard */; };
		A4B45662206A34C000324451 /* Profile.storyboard in Resources */ = {isa = PBXBuildFile; fileRef = A4B45660206A34C000324451 /* Profile.storyboard */; };
		A4B4566A206A3DA400324451 /* HomeViewController.swift in Sources */ = {isa = PBXBuildFile; fileRef = A4B45669206A3DA400324451 /* HomeViewController.swift */; };
		A4B4566D206A43D100324451 /* UIBarbuttonItem+Extension.swift in Sources */ = {isa = PBXBuildFile; fileRef = A4B4566C206A43D100324451 /* UIBarbuttonItem+Extension.swift */; };
		A4D7283E206B29D60025E903 /* PageTitleView.swift in Sources */ = {isa = PBXBuildFile; fileRef = A4D7283D206B29D60025E903 /* PageTitleView.swift */; };
		A4D72840206B2C010025E903 /* Common.swift in Sources */ = {isa = PBXBuildFile; fileRef = A4D7283F206B2C010025E903 /* Common.swift */; };
		A4D72842206B463D0025E903 /* PageContentView.swift in Sources */ = {isa = PBXBuildFile; fileRef = A4D72841206B463D0025E903 /* PageContentView.swift */; };
		A4D72844206B49860025E903 /* UIColor+Extension.swift in Sources */ = {isa = PBXBuildFile; fileRef = A4D72843206B49860025E903 /* UIColor+Extension.swift */; };
/* End PBXBuildFile section */

/* Begin PBXFileReference section */
		A49E8B19206C7EB500DFDB80 /* ZLCommendViewController.swift */ = {isa = PBXFileReference; lastKnownFileType = sourcecode.swift; path = ZLCommendViewController.swift; sourceTree = "<group>"; };
		A49E8B1B206C899A00DFDB80 /* ZLCollectionHeaderView.swift */ = {isa = PBXFileReference; lastKnownFileType = sourcecode.swift; path = ZLCollectionHeaderView.swift; sourceTree = "<group>"; };
		A49E8B1C206C899A00DFDB80 /* ZLCollectionHeaderView.xib */ = {isa = PBXFileReference; lastKnownFileType = file.xib; path = ZLCollectionHeaderView.xib; sourceTree = "<group>"; };
		A49E8B1F206C8DC700DFDB80 /* ZLCollectionNormalCell.swift */ = {isa = PBXFileReference; lastKnownFileType = sourcecode.swift; path = ZLCollectionNormalCell.swift; sourceTree = "<group>"; };
		A49E8B20206C8DC700DFDB80 /* ZLCollectionNormalCell.xib */ = {isa = PBXFileReference; lastKnownFileType = file.xib; path = ZLCollectionNormalCell.xib; sourceTree = "<group>"; };
		A4B4561E206A11E500324451 /* zhangyanlfDY.app */ = {isa = PBXFileReference; explicitFileType = wrapper.application; includeInIndex = 0; path = zhangyanlfDY.app; sourceTree = BUILT_PRODUCTS_DIR; };
		A4B45621206A11E500324451 /* AppDelegate.swift */ = {isa = PBXFileReference; lastKnownFileType = sourcecode.swift; path = AppDelegate.swift; sourceTree = "<group>"; };
		A4B45628206A11E500324451 /* Assets.xcassets */ = {isa = PBXFileReference; lastKnownFileType = folder.assetcatalog; path = Assets.xcassets; sourceTree = "<group>"; };
		A4B4562B206A11E500324451 /* Base */ = {isa = PBXFileReference; lastKnownFileType = file.storyboard; name = Base; path = Base.lproj/LaunchScreen.storyboard; sourceTree = "<group>"; };
		A4B4562D206A11E500324451 /* Info.plist */ = {isa = PBXFileReference; lastKnownFileType = text.plist.xml; path = Info.plist; sourceTree = "<group>"; };
		A4B45649206A31CB00324451 /* Main.storyboard */ = {isa = PBXFileReference; fileEncoding = 4; lastKnownFileType = file.storyboard; path = Main.storyboard; sourceTree = "<group>"; };
		A4B45658206A345200324451 /* Base */ = {isa = PBXFileReference; lastKnownFileType = file.storyboard; name = Base; path = zhangyanlfDY/Base.lproj/Home.storyboard; sourceTree = SOURCE_ROOT; };
		A4B4565B206A347400324451 /* Base */ = {isa = PBXFileReference; lastKnownFileType = file.storyboard; name = Base; path = zhangyanlfDY/Base.lproj/Live.storyboard; sourceTree = SOURCE_ROOT; };
		A4B4565E206A349A00324451 /* Base */ = {isa = PBXFileReference; lastKnownFileType = file.storyboard; name = Base; path = zhangyanlfDY/Base.lproj/Concern.storyboard; sourceTree = SOURCE_ROOT; };
		A4B45661206A34C000324451 /* Base */ = {isa = PBXFileReference; lastKnownFileType = file.storyboard; name = Base; path = zhangyanlfDY/Base.lproj/Profile.storyboard; sourceTree = SOURCE_ROOT; };
		A4B45669206A3DA400324451 /* HomeViewController.swift */ = {isa = PBXFileReference; lastKnownFileType = sourcecode.swift; path = HomeViewController.swift; sourceTree = "<group>"; };
		A4B4566C206A43D100324451 /* UIBarbuttonItem+Extension.swift */ = {isa = PBXFileReference; lastKnownFileType = sourcecode.swift; path = "UIBarbuttonItem+Extension.swift"; sourceTree = "<group>"; };
		A4D7283D206B29D60025E903 /* PageTitleView.swift */ = {isa = PBXFileReference; lastKnownFileType = sourcecode.swift; path = PageTitleView.swift; sourceTree = "<group>"; };
		A4D7283F206B2C010025E903 /* Common.swift */ = {isa = PBXFileReference; lastKnownFileType = sourcecode.swift; path = Common.swift; sourceTree = "<group>"; };
		A4D72841206B463D0025E903 /* PageContentView.swift */ = {isa = PBXFileReference; lastKnownFileType = sourcecode.swift; path = PageContentView.swift; sourceTree = "<group>"; };
		A4D72843206B49860025E903 /* UIColor+Extension.swift */ = {isa = PBXFileReference; lastKnownFileType = sourcecode.swift; path = "UIColor+Extension.swift"; sourceTree = "<group>"; };
/* End PBXFileReference section */

/* Begin PBXFrameworksBuildPhase section */
		A4B4561B206A11E500324451 /* Frameworks */ = {
			isa = PBXFrameworksBuildPhase;
			buildActionMask = 2147483647;
			files = (
			);
			runOnlyForDeploymentPostprocessing = 0;
		};
/* End PBXFrameworksBuildPhase section */

/* Begin PBXGroup section */
		A4B45615206A11E500324451 = {
			isa = PBXGroup;
			children = (
				A4B45620206A11E500324451 /* zhangyanlfDY */,
				A4B4561F206A11E500324451 /* Products */,
			);
			sourceTree = "<group>";
		};
		A4B4561F206A11E500324451 /* Products */ = {
			isa = PBXGroup;
			children = (
				A4B4561E206A11E500324451 /* zhangyanlfDY.app */,
			);
			name = Products;
			sourceTree = "<group>";
		};
		A4B45620206A11E500324451 /* zhangyanlfDY */ = {
			isa = PBXGroup;
			children = (
				A4B45633206A239100324451 /* Classes */,
				A4B45621206A11E500324451 /* AppDelegate.swift */,
				A4B45628206A11E500324451 /* Assets.xcassets */,
				A4B4562A206A11E500324451 /* LaunchScreen.storyboard */,
				A4B4562D206A11E500324451 /* Info.plist */,
			);
			path = zhangyanlfDY;
			sourceTree = "<group>";
		};
		A4B45633206A239100324451 /* Classes */ = {
			isa = PBXGroup;
			children = (
				A4B45639206A239100324451 /* Main */,
				A4B45634206A239100324451 /* Home */,
				A4B45638206A239100324451 /* Live */,
				A4B45636206A239100324451 /* Concern */,
				A4B45637206A239100324451 /* Profile */,
				A4B45635206A239100324451 /* Tools */,
			);
			path = Classes;
			sourceTree = "<group>";
		};
		A4B45634206A239100324451 /* Home */ = {
			isa = PBXGroup;
			children = (
				A4B45665206A3D3300324451 /* Model */,
				A4B45663206A3D3300324451 /* View */,
				A4B45664206A3D3300324451 /* Controller */,
			);
			path = Home;
			sourceTree = "<group>";
		};
		A4B45635206A239100324451 /* Tools */ = {
			isa = PBXGroup;
			children = (
				A4B4566B206A435C00324451 /* Extension */,
				A4D7283F206B2C010025E903 /* Common.swift */,
			);
			path = Tools;
			sourceTree = "<group>";
		};
		A4B45636206A239100324451 /* Concern */ = {
			isa = PBXGroup;
			children = (
			);
			path = Concern;
			sourceTree = "<group>";
		};
		A4B45637206A239100324451 /* Profile */ = {
			isa = PBXGroup;
			children = (
			);
			path = Profile;
			sourceTree = "<group>";
		};
		A4B45638206A239100324451 /* Live */ = {
			isa = PBXGroup;
			children = (
			);
			path = Live;
			sourceTree = "<group>";
		};
		A4B45639206A239100324451 /* Main */ = {
			isa = PBXGroup;
			children = (
				A4B45668206A3D4800324451 /* Model */,
				A4B45666206A3D4800324451 /* View */,
				A4B45667206A3D4800324451 /* Controller */,
				A4B45649206A31CB00324451 /* Main.storyboard */,
				A4B45657206A345200324451 /* Home.storyboard */,
				A4B4565A206A347400324451 /* Live.storyboard */,
				A4B4565D206A349A00324451 /* Concern.storyboard */,
				A4B45660206A34C000324451 /* Profile.storyboard */,
			);
			path = Main;
			sourceTree = "<group>";
		};
		A4B45663206A3D3300324451 /* View */ = {
			isa = PBXGroup;
			children = (
				A49E8B1B206C899A00DFDB80 /* ZLCollectionHeaderView.swift */,
				A49E8B1C206C899A00DFDB80 /* ZLCollectionHeaderView.xib */,
			);
			path = View;
			sourceTree = "<group>";
		};
		A4B45664206A3D3300324451 /* Controller */ = {
			isa = PBXGroup;
			children = (
				A4B45669206A3DA400324451 /* HomeViewController.swift */,
				A49E8B19206C7EB500DFDB80 /* ZLCommendViewController.swift */,
			);
			path = Controller;
			sourceTree = "<group>";
		};
		A4B45665206A3D3300324451 /* Model */ = {
			isa = PBXGroup;
			children = (
			);
			path = Model;
			sourceTree = "<group>";
		};
		A4B45666206A3D4800324451 /* View */ = {
			isa = PBXGroup;
			children = (
				A4D7283D206B29D60025E903 /* PageTitleView.swift */,
				A4D72841206B463D0025E903 /* PageContentView.swift */,
				A49E8B1F206C8DC700DFDB80 /* ZLCollectionNormalCell.swift */,
				A49E8B20206C8DC700DFDB80 /* ZLCollectionNormalCell.xib */,
			);
			path = View;
			sourceTree = "<group>";
		};
		A4B45667206A3D4800324451 /* Controller */ = {
			isa = PBXGroup;
			children = (
			);
			path = Controller;
			sourceTree = "<group>";
		};
		A4B45668206A3D4800324451 /* Model */ = {
			isa = PBXGroup;
			children = (
			);
			path = Model;
			sourceTree = "<group>";
		};
		A4B4566B206A435C00324451 /* Extension */ = {
			isa = PBXGroup;
			children = (
				A4B4566C206A43D100324451 /* UIBarbuttonItem+Extension.swift */,
				A4D72843206B49860025E903 /* UIColor+Extension.swift */,
			);
			path = Extension;
			sourceTree = "<group>";
		};
/* End PBXGroup section */

/* Begin PBXNativeTarget section */
		A4B4561D206A11E500324451 /* zhangyanlfDY */ = {
			isa = PBXNativeTarget;
			buildConfigurationList = A4B45630206A11E500324451 /* Build configuration list for PBXNativeTarget "zhangyanlfDY" */;
			buildPhases = (
				A4B4561A206A11E500324451 /* Sources */,
				A4B4561B206A11E500324451 /* Frameworks */,
				A4B4561C206A11E500324451 /* Resources */,
			);
			buildRules = (
			);
			dependencies = (
			);
			name = zhangyanlfDY;
			productName = zhangyanlfDY;
			productReference = A4B4561E206A11E500324451 /* zhangyanlfDY.app */;
			productType = "com.apple.product-type.application";
		};
/* End PBXNativeTarget section */

/* Begin PBXProject section */
		A4B45616206A11E500324451 /* Project object */ = {
			isa = PBXProject;
			attributes = {
				CLASSPREFIX = ZL;
				LastSwiftUpdateCheck = 0920;
				LastUpgradeCheck = 0920;
				ORGANIZATIONNAME = zhangyanlf;
				TargetAttributes = {
					A4B4561D206A11E500324451 = {
						CreatedOnToolsVersion = 9.2;
						ProvisioningStyle = Automatic;
					};
				};
			};
			buildConfigurationList = A4B45619206A11E500324451 /* Build configuration list for PBXProject "zhangyanlfDY" */;
			compatibilityVersion = "Xcode 8.0";
			developmentRegion = en;
			hasScannedForEncodings = 0;
			knownRegions = (
				en,
				Base,
			);
			mainGroup = A4B45615206A11E500324451;
			productRefGroup = A4B4561F206A11E500324451 /* Products */;
			projectDirPath = "";
			projectRoot = "";
			targets = (
				A4B4561D206A11E500324451 /* zhangyanlfDY */,
			);
		};
/* End PBXProject section */

/* Begin PBXResourcesBuildPhase section */
		A4B4561C206A11E500324451 /* Resources */ = {
			isa = PBXResourcesBuildPhase;
			buildActionMask = 2147483647;
			files = (
				A4B4564A206A31CB00324451 /* Main.storyboard in Resources */,
				A49E8B22206C8DC700DFDB80 /* ZLCollectionNormalCell.xib in Resources */,
				A49E8B1E206C899A00DFDB80 /* ZLCollectionHeaderView.xib in Resources */,
				A4B4562C206A11E500324451 /* LaunchScreen.storyboard in Resources */,
				A4B45629206A11E500324451 /* Assets.xcassets in Resources */,
				A4B4565C206A347400324451 /* Live.storyboard in Resources */,
				A4B45659206A345200324451 /* Home.storyboard in Resources */,
				A4B45662206A34C000324451 /* Profile.storyboard in Resources */,
				A4B4565F206A349A00324451 /* Concern.storyboard in Resources */,
			);
			runOnlyForDeploymentPostprocessing = 0;
		};
/* End PBXResourcesBuildPhase section */

/* Begin PBXSourcesBuildPhase section */
		A4B4561A206A11E500324451 /* Sources */ = {
			isa = PBXSourcesBuildPhase;
			buildActionMask = 2147483647;
			files = (
				A49E8B1A206C7EB500DFDB80 /* ZLCommendViewController.swift in Sources */,
				A49E8B1D206C899A00DFDB80 /* ZLCollectionHeaderView.swift in Sources */,
				A4D72844206B49860025E903 /* UIColor+Extension.swift in Sources */,
				A4D7283E206B29D60025E903 /* PageTitleView.swift in Sources */,
				A4D72842206B463D0025E903 /* PageContentView.swift in Sources */,
				A4B45622206A11E500324451 /* AppDelegate.swift in Sources */,
				A4B4566A206A3DA400324451 /* HomeViewController.swift in Sources */,
				A4D72840206B2C010025E903 /* Common.swift in Sources */,
				A49E8B21206C8DC700DFDB80 /* ZLCollectionNormalCell.swift in Sources */,
				A4B4566D206A43D100324451 /* UIBarbuttonItem+Extension.swift in Sources */,
			);
			runOnlyForDeploymentPostprocessing = 0;
		};
/* End PBXSourcesBuildPhase section */

/* Begin PBXVariantGroup section */
		A4B4562A206A11E500324451 /* LaunchScreen.storyboard */ = {
			isa = PBXVariantGroup;
			children = (
				A4B4562B206A11E500324451 /* Base */,
			);
			name = LaunchScreen.storyboard;
			sourceTree = "<group>";
		};
		A4B45657206A345200324451 /* Home.storyboard */ = {
			isa = PBXVariantGroup;
			children = (
				A4B45658206A345200324451 /* Base */,
			);
			name = Home.storyboard;
			sourceTree = "<group>";
		};
		A4B4565A206A347400324451 /* Live.storyboard */ = {
			isa = PBXVariantGroup;
			children = (
				A4B4565B206A347400324451 /* Base */,
			);
			name = Live.storyboard;
			sourceTree = "<group>";
		};
		A4B4565D206A349A00324451 /* Concern.storyboard */ = {
			isa = PBXVariantGroup;
			children = (
				A4B4565E206A349A00324451 /* Base */,
			);
			name = Concern.storyboard;
			sourceTree = "<group>";
		};
		A4B45660206A34C000324451 /* Profile.storyboard */ = {
			isa = PBXVariantGroup;
			children = (
				A4B45661206A34C000324451 /* Base */,
			);
			name = Profile.storyboard;
			sourceTree = "<group>";
		};
/* End PBXVariantGroup section */

/* Begin XCBuildConfiguration section */
		A4B4562E206A11E500324451 /* Debug */ = {
			isa = XCBuildConfiguration;
			buildSettings = {
				ALWAYS_SEARCH_USER_PATHS = NO;
				CLANG_ANALYZER_NONNULL = YES;
				CLANG_ANALYZER_NUMBER_OBJECT_CONVERSION = YES_AGGRESSIVE;
				CLANG_CXX_LANGUAGE_STANDARD = "gnu++14";
				CLANG_CXX_LIBRARY = "libc++";
				CLANG_ENABLE_MODULES = YES;
				CLANG_ENABLE_OBJC_ARC = YES;
				CLANG_WARN_BLOCK_CAPTURE_AUTORELEASING = YES;
				CLANG_WARN_BOOL_CONVERSION = YES;
				CLANG_WARN_COMMA = YES;
				CLANG_WARN_CONSTANT_CONVERSION = YES;
				CLANG_WARN_DIRECT_OBJC_ISA_USAGE = YES_ERROR;
				CLANG_WARN_DOCUMENTATION_COMMENTS = YES;
				CLANG_WARN_EMPTY_BODY = YES;
				CLANG_WARN_ENUM_CONVERSION = YES;
				CLANG_WARN_INFINITE_RECURSION = YES;
				CLANG_WARN_INT_CONVERSION = YES;
				CLANG_WARN_NON_LITERAL_NULL_CONVERSION = YES;
				CLANG_WARN_OBJC_LITERAL_CONVERSION = YES;
				CLANG_WARN_OBJC_ROOT_CLASS = YES_ERROR;
				CLANG_WARN_RANGE_LOOP_ANALYSIS = YES;
				CLANG_WARN_STRICT_PROTOTYPES = YES;
				CLANG_WARN_SUSPICIOUS_MOVE = YES;
				CLANG_WARN_UNGUARDED_AVAILABILITY = YES_AGGRESSIVE;
				CLANG_WARN_UNREACHABLE_CODE = YES;
				CLANG_WARN__DUPLICATE_METHOD_MATCH = YES;
				CODE_SIGN_IDENTITY = "iPhone Developer";
				COPY_PHASE_STRIP = NO;
				DEBUG_INFORMATION_FORMAT = dwarf;
				ENABLE_STRICT_OBJC_MSGSEND = YES;
				ENABLE_TESTABILITY = YES;
				GCC_C_LANGUAGE_STANDARD = gnu11;
				GCC_DYNAMIC_NO_PIC = NO;
				GCC_NO_COMMON_BLOCKS = YES;
				GCC_OPTIMIZATION_LEVEL = 0;
				GCC_PREPROCESSOR_DEFINITIONS = (
					"DEBUG=1",
					"$(inherited)",
				);
				GCC_WARN_64_TO_32_BIT_CONVERSION = YES;
				GCC_WARN_ABOUT_RETURN_TYPE = YES_ERROR;
				GCC_WARN_UNDECLARED_SELECTOR = YES;
				GCC_WARN_UNINITIALIZED_AUTOS = YES_AGGRESSIVE;
				GCC_WARN_UNUSED_FUNCTION = YES;
				GCC_WARN_UNUSED_VARIABLE = YES;
				IPHONEOS_DEPLOYMENT_TARGET = 11.2;
				MTL_ENABLE_DEBUG_INFO = YES;
				ONLY_ACTIVE_ARCH = YES;
				SDKROOT = iphoneos;
				SWIFT_ACTIVE_COMPILATION_CONDITIONS = DEBUG;
				SWIFT_OPTIMIZATION_LEVEL = "-Onone";
			};
			name = Debug;
		};
		A4B4562F206A11E500324451 /* Release */ = {
			isa = XCBuildConfiguration;
			buildSettings = {
				ALWAYS_SEARCH_USER_PATHS = NO;
				CLANG_ANALYZER_NONNULL = YES;
				CLANG_ANALYZER_NUMBER_OBJECT_CONVERSION = YES_AGGRESSIVE;
				CLANG_CXX_LANGUAGE_STANDARD = "gnu++14";
				CLANG_CXX_LIBRARY = "libc++";
				CLANG_ENABLE_MODULES = YES;
				CLANG_ENABLE_OBJC_ARC = YES;
				CLANG_WARN_BLOCK_CAPTURE_AUTORELEASING = YES;
				CLANG_WARN_BOOL_CONVERSION = YES;
				CLANG_WARN_COMMA = YES;
				CLANG_WARN_CONSTANT_CONVERSION = YES;
				CLANG_WARN_DIRECT_OBJC_ISA_USAGE = YES_ERROR;
				CLANG_WARN_DOCUMENTATION_COMMENTS = YES;
				CLANG_WARN_EMPTY_BODY = YES;
				CLANG_WARN_ENUM_CONVERSION = YES;
				CLANG_WARN_INFINITE_RECURSION = YES;
				CLANG_WARN_INT_CONVERSION = YES;
				CLANG_WARN_NON_LITERAL_NULL_CONVERSION = YES;
				CLANG_WARN_OBJC_LITERAL_CONVERSION = YES;
				CLANG_WARN_OBJC_ROOT_CLASS = YES_ERROR;
				CLANG_WARN_RANGE_LOOP_ANALYSIS = YES;
				CLANG_WARN_STRICT_PROTOTYPES = YES;
				CLANG_WARN_SUSPICIOUS_MOVE = YES;
				CLANG_WARN_UNGUARDED_AVAILABILITY = YES_AGGRESSIVE;
				CLANG_WARN_UNREACHABLE_CODE = YES;
				CLANG_WARN__DUPLICATE_METHOD_MATCH = YES;
				CODE_SIGN_IDENTITY = "iPhone Developer";
				COPY_PHASE_STRIP = NO;
				DEBUG_INFORMATION_FORMAT = "dwarf-with-dsym";
				ENABLE_NS_ASSERTIONS = NO;
				ENABLE_STRICT_OBJC_MSGSEND = YES;
				GCC_C_LANGUAGE_STANDARD = gnu11;
				GCC_NO_COMMON_BLOCKS = YES;
				GCC_WARN_64_TO_32_BIT_CONVERSION = YES;
				GCC_WARN_ABOUT_RETURN_TYPE = YES_ERROR;
				GCC_WARN_UNDECLARED_SELECTOR = YES;
				GCC_WARN_UNINITIALIZED_AUTOS = YES_AGGRESSIVE;
				GCC_WARN_UNUSED_FUNCTION = YES;
				GCC_WARN_UNUSED_VARIABLE = YES;
				IPHONEOS_DEPLOYMENT_TARGET = 11.2;
				MTL_ENABLE_DEBUG_INFO = NO;
				SDKROOT = iphoneos;
				SWIFT_OPTIMIZATION_LEVEL = "-Owholemodule";
				VALIDATE_PRODUCT = YES;
			};
			name = Release;
		};
		A4B45631206A11E500324451 /* Debug */ = {
			isa = XCBuildConfiguration;
			buildSettings = {
				ASSETCATALOG_COMPILER_APPICON_NAME = AppIcon;
				ASSETCATALOG_COMPILER_LAUNCHIMAGE_NAME = BrandAssets;
				CODE_SIGN_STYLE = Automatic;
				DEVELOPMENT_TEAM = PK4HKV9AQF;
				INFOPLIST_FILE = zhangyanlfDY/Info.plist;
				IPHONEOS_DEPLOYMENT_TARGET = 9.0;
				LD_RUNPATH_SEARCH_PATHS = "$(inherited) @executable_path/Frameworks";
				PRODUCT_BUNDLE_IDENTIFIER = cn.zhangyanlf.zhangyanlfDY;
				PRODUCT_NAME = "$(TARGET_NAME)";
				SWIFT_VERSION = 4.0;
				TARGETED_DEVICE_FAMILY = 1;
			};
			name = Debug;
		};
		A4B45632206A11E500324451 /* Release */ = {
			isa = XCBuildConfiguration;
			buildSettings = {
				ASSETCATALOG_COMPILER_APPICON_NAME = AppIcon;
				ASSETCATALOG_COMPILER_LAUNCHIMAGE_NAME = BrandAssets;
				CODE_SIGN_STYLE = Automatic;
				DEVELOPMENT_TEAM = PK4HKV9AQF;
				INFOPLIST_FILE = zhangyanlfDY/Info.plist;
				IPHONEOS_DEPLOYMENT_TARGET = 9.0;
				LD_RUNPATH_SEARCH_PATHS = "$(inherited) @executable_path/Frameworks";
				PRODUCT_BUNDLE_IDENTIFIER = cn.zhangyanlf.zhangyanlfDY;
				PRODUCT_NAME = "$(TARGET_NAME)";
				SWIFT_VERSION = 4.0;
				TARGETED_DEVICE_FAMILY = 1;
			};
			name = Release;
		};
/* End XCBuildConfiguration section */

/* Begin XCConfigurationList section */
		A4B45619206A11E500324451 /* Build configuration list for PBXProject "zhangyanlfDY" */ = {
			isa = XCConfigurationList;
			buildConfigurations = (
				A4B4562E206A11E500324451 /* Debug */,
				A4B4562F206A11E500324451 /* Release */,
			);
			defaultConfigurationIsVisible = 0;
			defaultConfigurationName = Release;
		};
		A4B45630206A11E500324451 /* Build configuration list for PBXNativeTarget "zhangyanlfDY" */ = {
			isa = XCConfigurationList;
			buildConfigurations = (
				A4B45631206A11E500324451 /* Debug */,
				A4B45632206A11E500324451 /* Release */,
			);
			defaultConfigurationIsVisible = 0;
			defaultConfigurationName = Release;
		};
/* End XCConfigurationList section */
	};
	rootObject = A4B45616206A11E500324451 /* Project object */;
}
